
Microsoft Visual Studio Solution File, Format Version 12.00
# Visual Studio Version 16
VisualStudioVersion = 16.0.30621.155
MinimumVisualStudioVersion = 10.0.40219.1
Project("{9A19103F-16F7-4668-BE54-9A1E7A4F7556}") = "NoSQL", "NoSQL\NoSQL.csproj", "{184E139A-41B4-4ECF-97EE-3CBF5ECC95E0}"
EndProject
Project("{9A19103F-16F7-4668-BE54-9A1E7A4F7556}") = "Data", "Data\Data.csproj", "{B677733F-F1A3-426E-B973-8D0E0C7FFDED}"
EndProject
Project("{FAE04EC0-301F-11D3-BF4B-00C04F79EFBC}") = "Enums", "Enums\Enums.csproj", "{305D56A9-5A24-46F5-8DD5-437003E0CCD9}"
EndProject
Global
	GlobalSection(SolutionConfigurationPlatforms) = preSolution
		Debug|Any CPU = Debug|Any CPU
		Release|Any CPU = Release|Any CPU
	EndGlobalSection
	GlobalSection(ProjectConfigurationPlatforms) = postSolution
		{184E139A-41B4-4ECF-97EE-3CBF5ECC95E0}.Debug|Any CPU.ActiveCfg = Debug|Any CPU
		{184E139A-41B4-4ECF-97EE-3CBF5ECC95E0}.Debug|Any CPU.Build.0 = Debug|Any CPU
		{184E139A-41B4-4ECF-97EE-3CBF5ECC95E0}.Release|Any CPU.ActiveCfg = Release|Any CPU
		{184E139A-41B4-4ECF-97EE-3CBF5ECC95E0}.Release|Any CPU.Build.0 = Release|Any CPU
		{B677733F-F1A3-426E-B973-8D0E0C7FFDED}.Debug|Any CPU.ActiveCfg = Debug|Any CPU
		{B677733F-F1A3-426E-B973-8D0E0C7FFDED}.Debug|Any CPU.Build.0 = Debug|Any CPU
		{B677733F-F1A3-426E-B973-8D0E0C7FFDED}.Release|Any CPU.ActiveCfg = Release|Any CPU
		{B677733F-F1A3-426E-B973-8D0E0C7FFDED}.Release|Any CPU.Build.0 = Release|Any CPU
		{305D56A9-5A24-46F5-8DD5-437003E0CCD9}.Debug|Any CPU.ActiveCfg = Debug|Any CPU
		{305D56A9-5A24-46F5-8DD5-437003E0CCD9}.Debug|Any CPU.Build.0 = Debug|Any CPU
		{305D56A9-5A24-46F5-8DD5-437003E0CCD9}.Release|Any CPU.ActiveCfg = Release|Any CPU
		{305D56A9-5A24-46F5-8DD5-437003E0CCD9}.Release|Any CPU.Build.0 = Release|Any CPU
	EndGlobalSection
	GlobalSection(SolutionProperties) = preSolution
		HideSolutionNode = FALSE
	EndGlobalSection
	GlobalSection(ExtensibilityGlobals) = postSolution
		SolutionGuid = {9F166AB7-19CF-4B60-AE58-1017CCA6F2D8}
	EndGlobalSection
EndGlobal
